
Microsoft Visual Studio Solution File, Format Version 12.00
# Visual Studio Version 17
VisualStudioVersion = 17.2.32516.85
MinimumVisualStudioVersion = 10.0.40219.1
Project("{FAE04EC0-301F-11D3-BF4B-00C04F79EFBC}") = "IdentityServer", "IdentityServer\IdentityServer.csproj", "{D1BF7C67-9B05-4DA3-9B2F-921DFCB53C2A}"
EndProject
Global
	GlobalSection(SolutionConfigurationPlatforms) = preSolution
		Debug|Any CPU = Debug|Any CPU
		Release|Any CPU = Release|Any CPU
	EndGlobalSection
	GlobalSection(ProjectConfigurationPlatforms) = postSolution
		{D1BF7C67-9B05-4DA3-9B2F-921DFCB53C2A}.Debug|Any CPU.ActiveCfg = Debug|Any CPU
		{D1BF7C67-9B05-4DA3-9B2F-921DFCB53C2A}.Debug|Any CPU.Build.0 = Debug|Any CPU
		{D1BF7C67-9B05-4DA3-9B2F-921DFCB53C2A}.Release|Any CPU.ActiveCfg = Release|Any CPU
		{D1BF7C67-9B05-4DA3-9B2F-921DFCB53C2A}.Release|Any CPU.Build.0 = Release|Any CPU
	EndGlobalSection
	GlobalSection(SolutionProperties) = preSolution
		HideSolutionNode = FALSE
	EndGlobalSection
	GlobalSection(ExtensibilityGlobals) = postSolution
		SolutionGuid = {B96DE8B2-CF25-4272-95C6-5D56ED9A5D3C}
	EndGlobalSection
EndGlobal
